{
  "name": "OrigamiSimulator-test",
  "lockfileVersion": 3,
  "requires": true,
  "packages": {
    "": {
      "dependencies": {
        "rabbit-ear": "^0.9.4"
      }
    },
    "node_modules/rabbit-ear": {
      "version": "0.9.4",
      "resolved": "https://registry.npmjs.org/rabbit-ear/-/rabbit-ear-0.9.4.tgz",
      "integrity": "sha512-3GtSm/NBN2mjBkdHOjt7N33DcA9y6jljFd1uw8eDDtqtDeYWb5DxKKsACTxwNChyKkx9CSe6vzNX8OzDQCLSrw=="
    }
  }
}
